
Microsoft Visual Studio Solution File, Format Version 12.00
# Visual Studio Version 17
VisualStudioVersion = 17.12.35527.113
MinimumVisualStudioVersion = 10.0.40219.1
Project("{FAE04EC0-301F-11D3-BF4B-00C04F79EFBC}") = "Learn_CSharp", "Learn_CSharp\Learn_CSharp.csproj", "{DBD7B477-0D70-44CC-A494-F785972C9C63}"
EndProject
Global
	GlobalSection(SolutionConfigurationPlatforms) = preSolution
		Debug|Any CPU = Debug|Any CPU
		Release|Any CPU = Release|Any CPU
	EndGlobalSection
	GlobalSection(ProjectConfigurationPlatforms) = postSolution
		{DBD7B477-0D70-44CC-A494-F785972C9C63}.Debug|Any CPU.ActiveCfg = Debug|Any CPU
		{DBD7B477-0D70-44CC-A494-F785972C9C63}.Debug|Any CPU.Build.0 = Debug|Any CPU
		{DBD7B477-0D70-44CC-A494-F785972C9C63}.Release|Any CPU.ActiveCfg = Release|Any CPU
		{DBD7B477-0D70-44CC-A494-F785972C9C63}.Release|Any CPU.Build.0 = Release|Any CPU
	EndGlobalSection
	GlobalSection(SolutionProperties) = preSolution
		HideSolutionNode = FALSE
	EndGlobalSection
EndGlobal
